// !$*UTF8*$!
{
	archiveVersion = 1;
	classes = {
	};
	objectVersion = 55;
	objects = {

/* Begin PBXBuildFile section */
		6A2865A928029C600046F76A /* RowCellView.swift in Sources */ = {isa = PBXBuildFile; fileRef = 6A2865A828029C600046F76A /* RowCellView.swift */; };
		6A2865B02802E31E0046F76A /* NavBarView.swift in Sources */ = {isa = PBXBuildFile; fileRef = 6A2865AF2802E31E0046F76A /* NavBarView.swift */; };
		6A2865B42802EF220046F76A /* NavBarContainerView.swift in Sources */ = {isa = PBXBuildFile; fileRef = 6A2865B32802EF220046F76A /* NavBarContainerView.swift */; };
		6A2865B62802F1110046F76A /* NavView.swift in Sources */ = {isa = PBXBuildFile; fileRef = 6A2865B52802F1110046F76A /* NavView.swift */; };
		6A2865B82803172E0046F76A /* NavLink.swift in Sources */ = {isa = PBXBuildFile; fileRef = 6A2865B72803172E0046F76A /* NavLink.swift */; };
		6A2865BA28031EDF0046F76A /* NavBarPreferenceKeys.swift in Sources */ = {isa = PBXBuildFile; fileRef = 6A2865B928031EDF0046F76A /* NavBarPreferenceKeys.swift */; };
		6A2D638628040EA6006C0986 /* DetailView.swift in Sources */ = {isa = PBXBuildFile; fileRef = 6A2D638528040EA5006C0986 /* DetailView.swift */; };
		6A2D638A2804417C006C0986 /* CandleChartView.swift in Sources */ = {isa = PBXBuildFile; fileRef = 6A2D63892804417C006C0986 /* CandleChartView.swift */; };
		6A2D638C280445B0006C0986 /* Candle.swift in Sources */ = {isa = PBXBuildFile; fileRef = 6A2D638B280445B0006C0986 /* Candle.swift */; };
		6A2D638F28055E02006C0986 /* Protocols.swift in Sources */ = {isa = PBXBuildFile; fileRef = 6A2D638E28055E02006C0986 /* Protocols.swift */; };
		6A90268E280070AD005826FC /* CandleMemoApp.swift in Sources */ = {isa = PBXBuildFile; fileRef = 6A90268D280070AD005826FC /* CandleMemoApp.swift */; };
		6A902690280070AD005826FC /* ContentView.swift in Sources */ = {isa = PBXBuildFile; fileRef = 6A90268F280070AD005826FC /* ContentView.swift */; };
		6A902692280070AE005826FC /* Assets.xcassets in Resources */ = {isa = PBXBuildFile; fileRef = 6A902691280070AE005826FC /* Assets.xcassets */; };
		6A902695280070AE005826FC /* Preview Assets.xcassets in Resources */ = {isa = PBXBuildFile; fileRef = 6A902694280070AE005826FC /* Preview Assets.xcassets */; };
		6A9026D628010D00005826FC /* UpbitAPIController.swift in Sources */ = {isa = PBXBuildFile; fileRef = 6A9026D528010D00005826FC /* UpbitAPIController.swift */; };
		6A9026D928010D2D005826FC /* Starscream in Frameworks */ = {isa = PBXBuildFile; productRef = 6A9026D828010D2D005826FC /* Starscream */; };
		6A9026DB28011025005826FC /* Market.swift in Sources */ = {isa = PBXBuildFile; fileRef = 6A9026DA28011025005826FC /* Market.swift */; };
		6A9026DD28011C62005826FC /* ContentView-ViewModel.swift in Sources */ = {isa = PBXBuildFile; fileRef = 6A9026DC28011C62005826FC /* ContentView-ViewModel.swift */; };
		6A9026DF28011F8C005826FC /* Ticker.swift in Sources */ = {isa = PBXBuildFile; fileRef = 6A9026DE28011F8C005826FC /* Ticker.swift */; };
		6AA38C802805C28300B37155 /* Endpoint.swift in Sources */ = {isa = PBXBuildFile; fileRef = 6AA38C7F2805C28300B37155 /* Endpoint.swift */; };
		6AA38C822805C9E800B37155 /* RequestMethod.swift in Sources */ = {isa = PBXBuildFile; fileRef = 6AA38C812805C9E800B37155 /* RequestMethod.swift */; };
		6AA38C842805CA6100B37155 /* RequestError.swift in Sources */ = {isa = PBXBuildFile; fileRef = 6AA38C832805CA6100B37155 /* RequestError.swift */; };
		6AA38C862805CAF700B37155 /* HTTPClient.swift in Sources */ = {isa = PBXBuildFile; fileRef = 6AA38C852805CAF700B37155 /* HTTPClient.swift */; };
		6AA38C8B2805E89900B37155 /* UpbitEndpoint.swift in Sources */ = {isa = PBXBuildFile; fileRef = 6AA38C8A2805E89900B37155 /* UpbitEndpoint.swift */; };
		6AA38C8F2806F66100B37155 /* UpbitAPiService.swift in Sources */ = {isa = PBXBuildFile; fileRef = 6AA38C8E2806F66100B37155 /* UpbitAPiService.swift */; };
/* End PBXBuildFile section */

/* Begin PBXFileReference section */
		6A2865A828029C600046F76A /* RowCellView.swift */ = {isa = PBXFileReference; lastKnownFileType = sourcecode.swift; path = RowCellView.swift; sourceTree = "<group>"; };
		6A2865AF2802E31E0046F76A /* NavBarView.swift */ = {isa = PBXFileReference; lastKnownFileType = sourcecode.swift; path = NavBarView.swift; sourceTree = "<group>"; };
		6A2865B32802EF220046F76A /* NavBarContainerView.swift */ = {isa = PBXFileReference; lastKnownFileType = sourcecode.swift; path = NavBarContainerView.swift; sourceTree = "<group>"; };
		6A2865B52802F1110046F76A /* NavView.swift */ = {isa = PBXFileReference; lastKnownFileType = sourcecode.swift; path = NavView.swift; sourceTree = "<group>"; };
		6A2865B72803172E0046F76A /* NavLink.swift */ = {isa = PBXFileReference; lastKnownFileType = sourcecode.swift; path = NavLink.swift; sourceTree = "<group>"; };
		6A2865B928031EDF0046F76A /* NavBarPreferenceKeys.swift */ = {isa = PBXFileReference; lastKnownFileType = sourcecode.swift; path = NavBarPreferenceKeys.swift; sourceTree = "<group>"; };
		6A2D638528040EA5006C0986 /* DetailView.swift */ = {isa = PBXFileReference; lastKnownFileType = sourcecode.swift; path = DetailView.swift; sourceTree = "<group>"; };
		6A2D63892804417C006C0986 /* CandleChartView.swift */ = {isa = PBXFileReference; lastKnownFileType = sourcecode.swift; path = CandleChartView.swift; sourceTree = "<group>"; };
		6A2D638B280445B0006C0986 /* Candle.swift */ = {isa = PBXFileReference; lastKnownFileType = sourcecode.swift; path = Candle.swift; sourceTree = "<group>"; };
		6A2D638E28055E02006C0986 /* Protocols.swift */ = {isa = PBXFileReference; lastKnownFileType = sourcecode.swift; path = Protocols.swift; sourceTree = "<group>"; };
		6A90268A280070AD005826FC /* CandleMemo.app */ = {isa = PBXFileReference; explicitFileType = wrapper.application; includeInIndex = 0; path = CandleMemo.app; sourceTree = BUILT_PRODUCTS_DIR; };
		6A90268D280070AD005826FC /* CandleMemoApp.swift */ = {isa = PBXFileReference; lastKnownFileType = sourcecode.swift; path = CandleMemoApp.swift; sourceTree = "<group>"; };
		6A90268F280070AD005826FC /* ContentView.swift */ = {isa = PBXFileReference; lastKnownFileType = sourcecode.swift; path = ContentView.swift; sourceTree = "<group>"; };
		6A902691280070AE005826FC /* Assets.xcassets */ = {isa = PBXFileReference; lastKnownFileType = folder.assetcatalog; path = Assets.xcassets; sourceTree = "<group>"; };
		6A902694280070AE005826FC /* Preview Assets.xcassets */ = {isa = PBXFileReference; lastKnownFileType = folder.assetcatalog; path = "Preview Assets.xcassets"; sourceTree = "<group>"; };
		6A9026D528010D00005826FC /* UpbitAPIController.swift */ = {isa = PBXFileReference; lastKnownFileType = sourcecode.swift; path = UpbitAPIController.swift; sourceTree = "<group>"; };
		6A9026DA28011025005826FC /* Market.swift */ = {isa = PBXFileReference; lastKnownFileType = sourcecode.swift; path = Market.swift; sourceTree = "<group>"; };
		6A9026DC28011C62005826FC /* ContentView-ViewModel.swift */ = {isa = PBXFileReference; lastKnownFileType = sourcecode.swift; path = "ContentView-ViewModel.swift"; sourceTree = "<group>"; };
		6A9026DE28011F8C005826FC /* Ticker.swift */ = {isa = PBXFileReference; lastKnownFileType = sourcecode.swift; path = Ticker.swift; sourceTree = "<group>"; };
		6AA38C7F2805C28300B37155 /* Endpoint.swift */ = {isa = PBXFileReference; lastKnownFileType = sourcecode.swift; path = Endpoint.swift; sourceTree = "<group>"; };
		6AA38C812805C9E800B37155 /* RequestMethod.swift */ = {isa = PBXFileReference; lastKnownFileType = sourcecode.swift; path = RequestMethod.swift; sourceTree = "<group>"; };
		6AA38C832805CA6100B37155 /* RequestError.swift */ = {isa = PBXFileReference; lastKnownFileType = sourcecode.swift; path = RequestError.swift; sourceTree = "<group>"; };
		6AA38C852805CAF700B37155 /* HTTPClient.swift */ = {isa = PBXFileReference; lastKnownFileType = sourcecode.swift; path = HTTPClient.swift; sourceTree = "<group>"; };
		6AA38C8A2805E89900B37155 /* UpbitEndpoint.swift */ = {isa = PBXFileReference; lastKnownFileType = sourcecode.swift; path = UpbitEndpoint.swift; sourceTree = "<group>"; };
		6AA38C8E2806F66100B37155 /* UpbitAPiService.swift */ = {isa = PBXFileReference; lastKnownFileType = sourcecode.swift; path = UpbitAPiService.swift; sourceTree = "<group>"; };
/* End PBXFileReference section */

/* Begin PBXFrameworksBuildPhase section */
		6A902687280070AD005826FC /* Frameworks */ = {
			isa = PBXFrameworksBuildPhase;
			buildActionMask = 2147483647;
			files = (
				6A9026D928010D2D005826FC /* Starscream in Frameworks */,
			);
			runOnlyForDeploymentPostprocessing = 0;
		};
/* End PBXFrameworksBuildPhase section */

/* Begin PBXGroup section */
		6A2865AE2802E1DD0046F76A /* Nav */ = {
			isa = PBXGroup;
			children = (
				6A2865B52802F1110046F76A /* NavView.swift */,
				6A2865AF2802E31E0046F76A /* NavBarView.swift */,
				6A2865B928031EDF0046F76A /* NavBarPreferenceKeys.swift */,
				6A2865B32802EF220046F76A /* NavBarContainerView.swift */,
				6A2865B72803172E0046F76A /* NavLink.swift */,
			);
			path = Nav;
			sourceTree = "<group>";
		};
		6A2D638D28055DE2006C0986 /* Protocol */ = {
			isa = PBXGroup;
			children = (
				6A2D638E28055E02006C0986 /* Protocols.swift */,
			);
			path = Protocol;
			sourceTree = "<group>";
		};
		6A902681280070AD005826FC = {
			isa = PBXGroup;
			children = (
				6A90268C280070AD005826FC /* CandleMemo */,
				6A90268B280070AD005826FC /* Products */,
			);
			sourceTree = "<group>";
		};
		6A90268B280070AD005826FC /* Products */ = {
			isa = PBXGroup;
			children = (
				6A90268A280070AD005826FC /* CandleMemo.app */,
			);
			name = Products;
			sourceTree = "<group>";
		};
		6A90268C280070AD005826FC /* CandleMemo */ = {
			isa = PBXGroup;
			children = (
				6A90268D280070AD005826FC /* CandleMemoApp.swift */,
				6AA38C7D2805C26300B37155 /* Network */,
				6A2D638D28055DE2006C0986 /* Protocol */,
				6A2865AE2802E1DD0046F76A /* Nav */,
				6A9026D428010CDE005826FC /* Controller */,
				6A9026D328010CCD005826FC /* DataModel */,
				6A9026D228010CC5005826FC /* ViewModel */,
				6A9026D128010CBE005826FC /* View */,
				6A902691280070AE005826FC /* Assets.xcassets */,
				6A902693280070AE005826FC /* Preview Content */,
			);
			path = CandleMemo;
			sourceTree = "<group>";
		};
		6A902693280070AE005826FC /* Preview Content */ = {
			isa = PBXGroup;
			children = (
				6A902694280070AE005826FC /* Preview Assets.xcassets */,
			);
			path = "Preview Content";
			sourceTree = "<group>";
		};
		6A9026D128010CBE005826FC /* View */ = {
			isa = PBXGroup;
			children = (
				6A90268F280070AD005826FC /* ContentView.swift */,
				6A2865A828029C600046F76A /* RowCellView.swift */,
				6A2D638528040EA5006C0986 /* DetailView.swift */,
				6A2D63892804417C006C0986 /* CandleChartView.swift */,
			);
			path = View;
			sourceTree = "<group>";
		};
		6A9026D228010CC5005826FC /* ViewModel */ = {
			isa = PBXGroup;
			children = (
				6A9026DC28011C62005826FC /* ContentView-ViewModel.swift */,
			);
			path = ViewModel;
			sourceTree = "<group>";
		};
		6A9026D328010CCD005826FC /* DataModel */ = {
			isa = PBXGroup;
			children = (
				6A9026DA28011025005826FC /* Market.swift */,
				6A9026DE28011F8C005826FC /* Ticker.swift */,
				6A2D638B280445B0006C0986 /* Candle.swift */,
			);
			path = DataModel;
			sourceTree = "<group>";
		};
		6A9026D428010CDE005826FC /* Controller */ = {
			isa = PBXGroup;
			children = (
				6A9026D528010D00005826FC /* UpbitAPIController.swift */,
			);
			path = Controller;
			sourceTree = "<group>";
		};
		6AA38C7D2805C26300B37155 /* Network */ = {
			isa = PBXGroup;
			children = (
				6AA38C872805D28A00B37155 /* EndPoints */,
				6AA38C7E2805C26C00B37155 /* Base */,
				6AA38C8E2806F66100B37155 /* UpbitAPiService.swift */,
			);
			path = Network;
			sourceTree = "<group>";
		};
		6AA38C7E2805C26C00B37155 /* Base */ = {
			isa = PBXGroup;
			children = (
				6AA38C7F2805C28300B37155 /* Endpoint.swift */,
				6AA38C812805C9E800B37155 /* RequestMethod.swift */,
				6AA38C832805CA6100B37155 /* RequestError.swift */,
				6AA38C852805CAF700B37155 /* HTTPClient.swift */,
			);
			path = Base;
			sourceTree = "<group>";
		};
		6AA38C872805D28A00B37155 /* EndPoints */ = {
			isa = PBXGroup;
			children = (
				6AA38C8A2805E89900B37155 /* UpbitEndpoint.swift */,
			);
			path = EndPoints;
			sourceTree = "<group>";
		};
/* End PBXGroup section */

/* Begin PBXNativeTarget section */
		6A902689280070AD005826FC /* CandleMemo */ = {
			isa = PBXNativeTarget;
			buildConfigurationList = 6A902698280070AE005826FC /* Build configuration list for PBXNativeTarget "CandleMemo" */;
			buildPhases = (
				6A902686280070AD005826FC /* Sources */,
				6A902687280070AD005826FC /* Frameworks */,
				6A902688280070AD005826FC /* Resources */,
			);
			buildRules = (
			);
			dependencies = (
			);
			name = CandleMemo;
			packageProductDependencies = (
				6A9026D828010D2D005826FC /* Starscream */,
			);
			productName = CandleMemo;
			productReference = 6A90268A280070AD005826FC /* CandleMemo.app */;
			productType = "com.apple.product-type.application";
		};
/* End PBXNativeTarget section */

/* Begin PBXProject section */
		6A902682280070AD005826FC /* Project object */ = {
			isa = PBXProject;
			attributes = {
				BuildIndependentTargetsInParallel = 1;
				LastSwiftUpdateCheck = 1330;
				LastUpgradeCheck = 1330;
				TargetAttributes = {
					6A902689280070AD005826FC = {
						CreatedOnToolsVersion = 13.3;
					};
				};
			};
			buildConfigurationList = 6A902685280070AD005826FC /* Build configuration list for PBXProject "CandleMemo" */;
			compatibilityVersion = "Xcode 13.0";
			developmentRegion = en;
			hasScannedForEncodings = 0;
			knownRegions = (
				en,
				Base,
			);
			mainGroup = 6A902681280070AD005826FC;
			packageReferences = (
				6A9026D728010D2D005826FC /* XCRemoteSwiftPackageReference "Starscream" */,
			);
			productRefGroup = 6A90268B280070AD005826FC /* Products */;
			projectDirPath = "";
			projectRoot = "";
			targets = (
				6A902689280070AD005826FC /* CandleMemo */,
			);
		};
/* End PBXProject section */

/* Begin PBXResourcesBuildPhase section */
		6A902688280070AD005826FC /* Resources */ = {
			isa = PBXResourcesBuildPhase;
			buildActionMask = 2147483647;
			files = (
				6A902695280070AE005826FC /* Preview Assets.xcassets in Resources */,
				6A902692280070AE005826FC /* Assets.xcassets in Resources */,
			);
			runOnlyForDeploymentPostprocessing = 0;
		};
/* End PBXResourcesBuildPhase section */

/* Begin PBXSourcesBuildPhase section */
		6A902686280070AD005826FC /* Sources */ = {
			isa = PBXSourcesBuildPhase;
			buildActionMask = 2147483647;
			files = (
				6A2865B62802F1110046F76A /* NavView.swift in Sources */,
				6A902690280070AD005826FC /* ContentView.swift in Sources */,
				6A9026DF28011F8C005826FC /* Ticker.swift in Sources */,
				6AA38C8F2806F66100B37155 /* UpbitAPiService.swift in Sources */,
				6A2D638A2804417C006C0986 /* CandleChartView.swift in Sources */,
				6A9026D628010D00005826FC /* UpbitAPIController.swift in Sources */,
				6A9026DD28011C62005826FC /* ContentView-ViewModel.swift in Sources */,
				6AA38C862805CAF700B37155 /* HTTPClient.swift in Sources */,
				6A90268E280070AD005826FC /* CandleMemoApp.swift in Sources */,
				6A2D638F28055E02006C0986 /* Protocols.swift in Sources */,
				6A9026DB28011025005826FC /* Market.swift in Sources */,
				6AA38C802805C28300B37155 /* Endpoint.swift in Sources */,
				6A2865B02802E31E0046F76A /* NavBarView.swift in Sources */,
				6A2D638C280445B0006C0986 /* Candle.swift in Sources */,
				6AA38C8B2805E89900B37155 /* UpbitEndpoint.swift in Sources */,
				6A2865BA28031EDF0046F76A /* NavBarPreferenceKeys.swift in Sources */,
				6A2865B82803172E0046F76A /* NavLink.swift in Sources */,
				6AA38C842805CA6100B37155 /* RequestError.swift in Sources */,
				6A2865A928029C600046F76A /* RowCellView.swift in Sources */,
				6A2D638628040EA6006C0986 /* DetailView.swift in Sources */,
				6AA38C822805C9E800B37155 /* RequestMethod.swift in Sources */,
				6A2865B42802EF220046F76A /* NavBarContainerView.swift in Sources */,
			);
			runOnlyForDeploymentPostprocessing = 0;
		};
/* End PBXSourcesBuildPhase section */

/* Begin XCBuildConfiguration section */
		6A902696280070AE005826FC /* Debug */ = {
			isa = XCBuildConfiguration;
			buildSettings = {
				ALWAYS_SEARCH_USER_PATHS = NO;
				CLANG_ANALYZER_NONNULL = YES;
				CLANG_ANALYZER_NUMBER_OBJECT_CONVERSION = YES_AGGRESSIVE;
				CLANG_CXX_LANGUAGE_STANDARD = "gnu++17";
				CLANG_ENABLE_MODULES = YES;
				CLANG_ENABLE_OBJC_ARC = YES;
				CLANG_ENABLE_OBJC_WEAK = YES;
				CLANG_WARN_BLOCK_CAPTURE_AUTORELEASING = YES;
				CLANG_WARN_BOOL_CONVERSION = YES;
				CLANG_WARN_COMMA = YES;
				CLANG_WARN_CONSTANT_CONVERSION = YES;
				CLANG_WARN_DEPRECATED_OBJC_IMPLEMENTATIONS = YES;
				CLANG_WARN_DIRECT_OBJC_ISA_USAGE = YES_ERROR;
				CLANG_WARN_DOCUMENTATION_COMMENTS = YES;
				CLANG_WARN_EMPTY_BODY = YES;
				CLANG_WARN_ENUM_CONVERSION = YES;
				CLANG_WARN_INFINITE_RECURSION = YES;
				CLANG_WARN_INT_CONVERSION = YES;
				CLANG_WARN_NON_LITERAL_NULL_CONVERSION = YES;
				CLANG_WARN_OBJC_IMPLICIT_RETAIN_SELF = YES;
				CLANG_WARN_OBJC_LITERAL_CONVERSION = YES;
				CLANG_WARN_OBJC_ROOT_CLASS = YES_ERROR;
				CLANG_WARN_QUOTED_INCLUDE_IN_FRAMEWORK_HEADER = YES;
				CLANG_WARN_RANGE_LOOP_ANALYSIS = YES;
				CLANG_WARN_STRICT_PROTOTYPES = YES;
				CLANG_WARN_SUSPICIOUS_MOVE = YES;
				CLANG_WARN_UNGUARDED_AVAILABILITY = YES_AGGRESSIVE;
				CLANG_WARN_UNREACHABLE_CODE = YES;
				CLANG_WARN__DUPLICATE_METHOD_MATCH = YES;
				COPY_PHASE_STRIP = NO;
				DEBUG_INFORMATION_FORMAT = dwarf;
				ENABLE_STRICT_OBJC_MSGSEND = YES;
				ENABLE_TESTABILITY = YES;
				GCC_C_LANGUAGE_STANDARD = gnu11;
				GCC_DYNAMIC_NO_PIC = NO;
				GCC_NO_COMMON_BLOCKS = YES;
				GCC_OPTIMIZATION_LEVEL = 0;
				GCC_PREPROCESSOR_DEFINITIONS = (
					"DEBUG=1",
					"$(inherited)",
				);
				GCC_WARN_64_TO_32_BIT_CONVERSION = YES;
				GCC_WARN_ABOUT_RETURN_TYPE = YES_ERROR;
				GCC_WARN_UNDECLARED_SELECTOR = YES;
				GCC_WARN_UNINITIALIZED_AUTOS = YES_AGGRESSIVE;
				GCC_WARN_UNUSED_FUNCTION = YES;
				GCC_WARN_UNUSED_VARIABLE = YES;
				IPHONEOS_DEPLOYMENT_TARGET = 15.4;
				MTL_ENABLE_DEBUG_INFO = INCLUDE_SOURCE;
				MTL_FAST_MATH = YES;
				ONLY_ACTIVE_ARCH = YES;
				SDKROOT = iphoneos;
				SWIFT_ACTIVE_COMPILATION_CONDITIONS = DEBUG;
				SWIFT_OPTIMIZATION_LEVEL = "-Onone";
			};
			name = Debug;
		};
		6A902697280070AE005826FC /* Release */ = {
			isa = XCBuildConfiguration;
			buildSettings = {
				ALWAYS_SEARCH_USER_PATHS = NO;
				CLANG_ANALYZER_NONNULL = YES;
				CLANG_ANALYZER_NUMBER_OBJECT_CONVERSION = YES_AGGRESSIVE;
				CLANG_CXX_LANGUAGE_STANDARD = "gnu++17";
				CLANG_ENABLE_MODULES = YES;
				CLANG_ENABLE_OBJC_ARC = YES;
				CLANG_ENABLE_OBJC_WEAK = YES;
				CLANG_WARN_BLOCK_CAPTURE_AUTORELEASING = YES;
				CLANG_WARN_BOOL_CONVERSION = YES;
				CLANG_WARN_COMMA = YES;
				CLANG_WARN_CONSTANT_CONVERSION = YES;
				CLANG_WARN_DEPRECATED_OBJC_IMPLEMENTATIONS = YES;
				CLANG_WARN_DIRECT_OBJC_ISA_USAGE = YES_ERROR;
				CLANG_WARN_DOCUMENTATION_COMMENTS = YES;
				CLANG_WARN_EMPTY_BODY = YES;
				CLANG_WARN_ENUM_CONVERSION = YES;
				CLANG_WARN_INFINITE_RECURSION = YES;
				CLANG_WARN_INT_CONVERSION = YES;
				CLANG_WARN_NON_LITERAL_NULL_CONVERSION = YES;
				CLANG_WARN_OBJC_IMPLICIT_RETAIN_SELF = YES;
				CLANG_WARN_OBJC_LITERAL_CONVERSION = YES;
				CLANG_WARN_OBJC_ROOT_CLASS = YES_ERROR;
				CLANG_WARN_QUOTED_INCLUDE_IN_FRAMEWORK_HEADER = YES;
				CLANG_WARN_RANGE_LOOP_ANALYSIS = YES;
				CLANG_WARN_STRICT_PROTOTYPES = YES;
				CLANG_WARN_SUSPICIOUS_MOVE = YES;
				CLANG_WARN_UNGUARDED_AVAILABILITY = YES_AGGRESSIVE;
				CLANG_WARN_UNREACHABLE_CODE = YES;
				CLANG_WARN__DUPLICATE_METHOD_MATCH = YES;
				COPY_PHASE_STRIP = NO;
				DEBUG_INFORMATION_FORMAT = "dwarf-with-dsym";
				ENABLE_NS_ASSERTIONS = NO;
				ENABLE_STRICT_OBJC_MSGSEND = YES;
				GCC_C_LANGUAGE_STANDARD = gnu11;
				GCC_NO_COMMON_BLOCKS = YES;
				GCC_WARN_64_TO_32_BIT_CONVERSION = YES;
				GCC_WARN_ABOUT_RETURN_TYPE = YES_ERROR;
				GCC_WARN_UNDECLARED_SELECTOR = YES;
				GCC_WARN_UNINITIALIZED_AUTOS = YES_AGGRESSIVE;
				GCC_WARN_UNUSED_FUNCTION = YES;
				GCC_WARN_UNUSED_VARIABLE = YES;
				IPHONEOS_DEPLOYMENT_TARGET = 15.4;
				MTL_ENABLE_DEBUG_INFO = NO;
				MTL_FAST_MATH = YES;
				SDKROOT = iphoneos;
				SWIFT_COMPILATION_MODE = wholemodule;
				SWIFT_OPTIMIZATION_LEVEL = "-O";
				VALIDATE_PRODUCT = YES;
			};
			name = Release;
		};
		6A902699280070AE005826FC /* Debug */ = {
			isa = XCBuildConfiguration;
			buildSettings = {
				ASSETCATALOG_COMPILER_APPICON_NAME = AppIcon;
				ASSETCATALOG_COMPILER_GLOBAL_ACCENT_COLOR_NAME = AccentColor;
				CODE_SIGN_STYLE = Automatic;
				CURRENT_PROJECT_VERSION = 1;
				DEVELOPMENT_ASSET_PATHS = "\"CandleMemo/Preview Content\"";
				DEVELOPMENT_TEAM = CU5DL5JJWC;
				ENABLE_PREVIEWS = YES;
				GENERATE_INFOPLIST_FILE = YES;
				INFOPLIST_KEY_UIApplicationSceneManifest_Generation = YES;
				INFOPLIST_KEY_UIApplicationSupportsIndirectInputEvents = YES;
				INFOPLIST_KEY_UILaunchScreen_Generation = YES;
				INFOPLIST_KEY_UISupportedInterfaceOrientations_iPad = "UIInterfaceOrientationPortrait UIInterfaceOrientationPortraitUpsideDown UIInterfaceOrientationLandscapeLeft UIInterfaceOrientationLandscapeRight";
				INFOPLIST_KEY_UISupportedInterfaceOrientations_iPhone = "UIInterfaceOrientationPortrait UIInterfaceOrientationLandscapeLeft UIInterfaceOrientationLandscapeRight";
				LD_RUNPATH_SEARCH_PATHS = (
					"$(inherited)",
					"@executable_path/Frameworks",
				);
				MARKETING_VERSION = 1.0;
				PRODUCT_BUNDLE_IDENTIFIER = com.ghdps.CandleMemo;
				PRODUCT_NAME = "$(TARGET_NAME)";
				SWIFT_EMIT_LOC_STRINGS = YES;
				SWIFT_VERSION = 5.0;
				TARGETED_DEVICE_FAMILY = "1,2";
			};
			name = Debug;
		};
		6A90269A280070AE005826FC /* Release */ = {
			isa = XCBuildConfiguration;
			buildSettings = {
				ASSETCATALOG_COMPILER_APPICON_NAME = AppIcon;
				ASSETCATALOG_COMPILER_GLOBAL_ACCENT_COLOR_NAME = AccentColor;
				CODE_SIGN_STYLE = Automatic;
				CURRENT_PROJECT_VERSION = 1;
				DEVELOPMENT_ASSET_PATHS = "\"CandleMemo/Preview Content\"";
				DEVELOPMENT_TEAM = CU5DL5JJWC;
				ENABLE_PREVIEWS = YES;
				GENERATE_INFOPLIST_FILE = YES;
				INFOPLIST_KEY_UIApplicationSceneManifest_Generation = YES;
				INFOPLIST_KEY_UIApplicationSupportsIndirectInputEvents = YES;
				INFOPLIST_KEY_UILaunchScreen_Generation = YES;
				INFOPLIST_KEY_UISupportedInterfaceOrientations_iPad = "UIInterfaceOrientationPortrait UIInterfaceOrientationPortraitUpsideDown UIInterfaceOrientationLandscapeLeft UIInterfaceOrientationLandscapeRight";
				INFOPLIST_KEY_UISupportedInterfaceOrientations_iPhone = "UIInterfaceOrientationPortrait UIInterfaceOrientationLandscapeLeft UIInterfaceOrientationLandscapeRight";
				LD_RUNPATH_SEARCH_PATHS = (
					"$(inherited)",
					"@executable_path/Frameworks",
				);
				MARKETING_VERSION = 1.0;
				PRODUCT_BUNDLE_IDENTIFIER = com.ghdps.CandleMemo;
				PRODUCT_NAME = "$(TARGET_NAME)";
				SWIFT_EMIT_LOC_STRINGS = YES;
				SWIFT_VERSION = 5.0;
				TARGETED_DEVICE_FAMILY = "1,2";
			};
			name = Release;
		};
/* End XCBuildConfiguration section */

/* Begin XCConfigurationList section */
		6A902685280070AD005826FC /* Build configuration list for PBXProject "CandleMemo" */ = {
			isa = XCConfigurationList;
			buildConfigurations = (
				6A902696280070AE005826FC /* Debug */,
				6A902697280070AE005826FC /* Release */,
			);
			defaultConfigurationIsVisible = 0;
			defaultConfigurationName = Release;
		};
		6A902698280070AE005826FC /* Build configuration list for PBXNativeTarget "CandleMemo" */ = {
			isa = XCConfigurationList;
			buildConfigurations = (
				6A902699280070AE005826FC /* Debug */,
				6A90269A280070AE005826FC /* Release */,
			);
			defaultConfigurationIsVisible = 0;
			defaultConfigurationName = Release;
		};
/* End XCConfigurationList section */

/* Begin XCRemoteSwiftPackageReference section */
		6A9026D728010D2D005826FC /* XCRemoteSwiftPackageReference "Starscream" */ = {
			isa = XCRemoteSwiftPackageReference;
			repositoryURL = "https://github.com/daltoniam/Starscream";
			requirement = {
				kind = upToNextMajorVersion;
				minimumVersion = 4.0.0;
			};
		};
/* End XCRemoteSwiftPackageReference section */

/* Begin XCSwiftPackageProductDependency section */
		6A9026D828010D2D005826FC /* Starscream */ = {
			isa = XCSwiftPackageProductDependency;
			package = 6A9026D728010D2D005826FC /* XCRemoteSwiftPackageReference "Starscream" */;
			productName = Starscream;
		};
/* End XCSwiftPackageProductDependency section */
	};
	rootObject = 6A902682280070AD005826FC /* Project object */;
}
